
Microsoft Visual Studio Solution File, Format Version 12.00
# Visual Studio 15
VisualStudioVersion = 15.0.27004.2010
MinimumVisualStudioVersion = 10.0.40219.1
Project("{FAE04EC0-301F-11D3-BF4B-00C04F79EFBC}") = "Automatyzacja2017", "Automatyzacja2017\Automatyzacja2017.csproj", "{D5435D7A-A35F-4109-86D1-010E27E0A776}"
EndProject
Project("{FAE04EC0-301F-11D3-BF4B-00C04F79EFBC}") = "MySelenium", "MySelenium\MySelenium.csproj", "{F8206298-FF39-4B96-9DEC-ABF7EF32D3D2}"
EndProject
Global
	GlobalSection(SolutionConfigurationPlatforms) = preSolution
		Debug|Any CPU = Debug|Any CPU
		Release|Any CPU = Release|Any CPU
	EndGlobalSection
	GlobalSection(ProjectConfigurationPlatforms) = postSolution
		{D5435D7A-A35F-4109-86D1-010E27E0A776}.Debug|Any CPU.ActiveCfg = Debug|Any CPU
		{D5435D7A-A35F-4109-86D1-010E27E0A776}.Debug|Any CPU.Build.0 = Debug|Any CPU
		{D5435D7A-A35F-4109-86D1-010E27E0A776}.Release|Any CPU.ActiveCfg = Release|Any CPU
		{D5435D7A-A35F-4109-86D1-010E27E0A776}.Release|Any CPU.Build.0 = Release|Any CPU
		{F8206298-FF39-4B96-9DEC-ABF7EF32D3D2}.Debug|Any CPU.ActiveCfg = Debug|Any CPU
		{F8206298-FF39-4B96-9DEC-ABF7EF32D3D2}.Debug|Any CPU.Build.0 = Debug|Any CPU
		{F8206298-FF39-4B96-9DEC-ABF7EF32D3D2}.Release|Any CPU.ActiveCfg = Release|Any CPU
		{F8206298-FF39-4B96-9DEC-ABF7EF32D3D2}.Release|Any CPU.Build.0 = Release|Any CPU
	EndGlobalSection
	GlobalSection(SolutionProperties) = preSolution
		HideSolutionNode = FALSE
	EndGlobalSection
	GlobalSection(ExtensibilityGlobals) = postSolution
		SolutionGuid = {6F9B519C-47CB-4E7A-8CAC-6929525B48C5}
	EndGlobalSection
EndGlobal
